
Microsoft Visual Studio Solution File, Format Version 12.00
# Visual Studio Version 17
VisualStudioVersion = 17.8.34330.188
MinimumVisualStudioVersion = 10.0.40219.1
Project("{FAE04EC0-301F-11D3-BF4B-00C04F79EFBC}") = "WPF设置任务栏闪烁桌面图标", "WPF设置任务栏闪烁桌面图标.csproj", "{0E08F585-8E29-4AA6-8167-045C035DEDFD}"
EndProject
Global
	GlobalSection(SolutionConfigurationPlatforms) = preSolution
		Debug|Any CPU = Debug|Any CPU
		Release|Any CPU = Release|Any CPU
	EndGlobalSection
	GlobalSection(ProjectConfigurationPlatforms) = postSolution
		{0E08F585-8E29-4AA6-8167-045C035DEDFD}.Debug|Any CPU.ActiveCfg = Debug|Any CPU
		{0E08F585-8E29-4AA6-8167-045C035DEDFD}.Debug|Any CPU.Build.0 = Debug|Any CPU
		{0E08F585-8E29-4AA6-8167-045C035DEDFD}.Release|Any CPU.ActiveCfg = Release|Any CPU
		{0E08F585-8E29-4AA6-8167-045C035DEDFD}.Release|Any CPU.Build.0 = Release|Any CPU
	EndGlobalSection
	GlobalSection(SolutionProperties) = preSolution
		HideSolutionNode = FALSE
	EndGlobalSection
	GlobalSection(ExtensibilityGlobals) = postSolution
		SolutionGuid = {03279BB7-AAF4-4BE5-91AC-16E64D66CF02}
	EndGlobalSection
EndGlobal
